{
    "_readme": [
        "This file locks the dependencies of your project to a known state",
        "Read more about it at https://getcomposer.org/doc/01-basic-usage.md#installing-dependencies",
        "This file is @generated automatically"
    ],
    "content-hash": "296e288797eccbf7f0c22a12e7f9622b",
    "packages": [
        {
            "name": "symfony/deprecation-contracts",
            "version": "v2.5.2",
            "source": {
                "type": "git",
                "url": "https://github.com/symfony/deprecation-contracts.git",
                "reference": "e8b495ea28c1d97b5e0c121748d6f9b53d075c66"
            },
            "dist": {
                "type": "zip",
                "url": "https://api.github.com/repos/symfony/deprecation-contracts/zipball/e8b495ea28c1d97b5e0c121748d6f9b53d075c66",
                "reference": "e8b495ea28c1d97b5e0c121748d6f9b53d075c66",
                "shasum": ""
            },
            "require": {
                "php": ">=7.1"
            },
            "type": "library",
            "extra": {
                "branch-alias": {
                    "dev-main": "2.5-dev"
                },
                "thanks": {
                    "name": "symfony/contracts",
                    "url": "https://github.com/symfony/contracts"
                }
            },
            "autoload": {
                "files": [
                    "function.php"
                ]
            },
            "notification-url": "https://packagist.org/downloads/",
            "license": [
                "MIT"
            ],
            "authors": [
                {
                    "name": "Nicolas Grekas",
                    "email": "p@tchwork.com"
                },
                {
                    "name": "Symfony Community",
                    "homepage": "https://symfony.com/contributors"
                }
            ],
            "description": "A generic function and convention to trigger deprecation notices",
            "homepage": "https://symfony.com",
            "support": {
                "source": "https://github.com/symfony/deprecation-contracts/tree/v2.5.2"
            },
            "funding": [
                {
                    "url": "https://symfony.com/sponsor",
                    "type": "custom"
                },
                {
                    "url": "https://github.com/fabpot",
                    "type": "github"
                },
                {
                    "url": "https://tidelift.com/funding/github/packagist/symfony/symfony",
                    "type": "tidelift"
                }
            ],
            "time": "2022-01-02T09:53:40+00:00"
        },
        {
            "name": "symfony/http-foundation",
            "version": "v5.4.10",
            "source": {
                "type": "git",
                "url": "https://github.com/symfony/http-foundation.git",
                "reference": "e7793b7906f72a8cc51054fbca9dcff7a8af1c1e"
            },
            "dist": {
                "type": "zip",
                "url": "https://api.github.com/repos/symfony/http-foundation/zipball/e7793b7906f72a8cc51054fbca9dcff7a8af1c1e",
                "reference": "e7793b7906f72a8cc51054fbca9dcff7a8af1c1e",
                "shasum": ""
            },
            "require": {
                "php": ">=7.2.5",
                "symfony/deprecation-contracts": "^2.1|^3",
                "symfony/polyfill-mbstring": "~1.1",
                "symfony/polyfill-php80": "^1.16"
            },
            "require-dev": {
                "predis/predis": "~1.0",
                "symfony/cache": "^4.4|^5.0|^6.0",
                "symfony/expression-language": "^4.4|^5.0|^6.0",
                "symfony/mime": "^4.4|^5.0|^6.0"
            },
            "suggest": {
                "symfony/mime": "To use the file extension guesser"
            },
            "type": "library",
            "autoload": {
                "psr-4": {
                    "Symfony\\Component\\HttpFoundation\\": ""
                },
                "exclude-from-classmap": [
                    "/Tests/"
                ]
            },
            "notification-url": "https://packagist.org/downloads/",
            "license": [
                "MIT"
            ],
            "authors": [
                {
                    "name": "Fabien Potencier",
                    "email": "fabien@symfony.com"
                },
                {
                    "name": "Symfony Community",
                    "homepage": "https://symfony.com/contributors"
                }
            ],
            "description": "Defines an object-oriented layer for the HTTP specification",
            "homepage": "https://symfony.com",
            "support": {
                "source": "https://github.com/symfony/http-foundation/tree/v5.4.10"
            },
            "funding": [
                {
                    "url": "https://symfony.com/sponsor",
                    "type": "custom"
                },
                {
                    "url": "https://github.com/fabpot",
                    "type": "github"
                },
                {
                    "url": "https://tidelift.com/funding/github/packagist/symfony/symfony",
                    "type": "tidelift"
                }
            ],
            "time": "2022-06-19T13:13:40+00:00"
        },
        {
            "name": "symfony/polyfill-mbstring",
            "version": "v1.26.0",
            "source": {
                "type": "git",
                "url": "https://github.com/symfony/polyfill-mbstring.git",
                "reference": "9344f9cb97f3b19424af1a21a3b0e75b0a7d8d7e"
            },
            "dist": {
                "type": "zip",
                "url": "https://api.github.com/repos/symfony/polyfill-mbstring/zipball/9344f9cb97f3b19424af1a21a3b0e75b0a7d8d7e",
                "reference": "9344f9cb97f3b19424af1a21a3b0e75b0a7d8d7e",
                "shasum": ""
            },
            "require": {
                "php": ">=7.1"
            },
            "provide": {
                "ext-mbstring": "*"
            },
            "suggest": {
                "ext-mbstring": "For best performance"
            },
            "type": "library",
            "extra": {
                "branch-alias": {
                    "dev-main": "1.26-dev"
                },
                "thanks": {
                    "name": "symfony/polyfill",
                    "url": "https://github.com/symfony/polyfill"
                }
            },
            "autoload": {
                "files": [
                    "bootstrap.php"
                ],
                "psr-4": {
                    "Symfony\\Polyfill\\Mbstring\\": ""
                }
            },
            "notification-url": "https://packagist.org/downloads/",
            "license": [
                "MIT"
            ],
            "authors": [
                {
                    "name": "Nicolas Grekas",
                    "email": "p@tchwork.com"
                },
                {
                    "name": "Symfony Community",
                    "homepage": "https://symfony.com/contributors"
                }
            ],
            "description": "Symfony polyfill for the Mbstring extension",
            "homepage": "https://symfony.com",
            "keywords": [
                "compatibility",
                "mbstring",
                "polyfill",
                "portable",
                "shim"
            ],
            "support": {
                "source": "https://github.com/symfony/polyfill-mbstring/tree/v1.26.0"
            },
            "funding": [
                {
                    "url": "https://symfony.com/sponsor",
                    "type": "custom"
                },
                {
                    "url": "https://github.com/fabpot",
                    "type": "github"
                },
                {
                    "url": "https://tidelift.com/funding/github/packagist/symfony/symfony",
                    "type": "tidelift"
                }
            ],
            "time": "2022-05-24T11:49:31+00:00"
        },
        {
            "name": "symfony/polyfill-php80",
            "version": "v1.26.0",
            "source": {
                "type": "git",
                "url": "https://github.com/symfony/polyfill-php80.git",
                "reference": "cfa0ae98841b9e461207c13ab093d76b0fa7bace"
            },
            "dist": {
                "type": "zip",
                "url": "https://api.github.com/repos/symfony/polyfill-php80/zipball/cfa0ae98841b9e461207c13ab093d76b0fa7bace",
                "reference": "cfa0ae98841b9e461207c13ab093d76b0fa7bace",
                "shasum": ""
            },
            "require": {
                "php": ">=7.1"
            },
            "type": "library",
            "extra": {
                "branch-alias": {
                    "dev-main": "1.26-dev"
                },
                "thanks": {
                    "name": "symfony/polyfill",
                    "url": "https://github.com/symfony/polyfill"
                }
            },
            "autoload": {
                "files": [
                    "bootstrap.php"
                ],
                "psr-4": {
                    "Symfony\\Polyfill\\Php80\\": ""
                },
                "classmap": [
                    "Resources/stubs"
                ]
            },
            "notification-url": "https://packagist.org/downloads/",
            "license": [
                "MIT"
            ],
            "authors": [
                {
                    "name": "Ion Bazan",
                    "email": "ion.bazan@gmail.com"
                },
                {
                    "name": "Nicolas Grekas",
                    "email": "p@tchwork.com"
                },
                {
                    "name": "Symfony Community",
                    "homepage": "https://symfony.com/contributors"
                }
            ],
            "description": "Symfony polyfill backporting some PHP 8.0+ features to lower PHP versions",
            "homepage": "https://symfony.com",
            "keywords": [
                "compatibility",
                "polyfill",
                "portable",
                "shim"
            ],
            "support": {
                "source": "https://github.com/symfony/polyfill-php80/tree/v1.26.0"
            },
            "funding": [
                {
                    "url": "https://symfony.com/sponsor",
                    "type": "custom"
                },
                {
                    "url": "https://github.com/fabpot",
                    "type": "github"
                },
                {
                    "url": "https://tidelift.com/funding/github/packagist/symfony/symfony",
                    "type": "tidelift"
                }
            ],
            "time": "2022-05-10T07:21:04+00:00"
        },
        {
            "name": "symfony/routing",
            "version": "v5.4.8",
            "source": {
                "type": "git",
                "url": "https://github.com/symfony/routing.git",
                "reference": "e07817bb6244ea33ef5ad31abc4a9288bef3f2f7"
            },
            "dist": {
                "type": "zip",
                "url": "https://api.github.com/repos/symfony/routing/zipball/e07817bb6244ea33ef5ad31abc4a9288bef3f2f7",
                "reference": "e07817bb6244ea33ef5ad31abc4a9288bef3f2f7",
                "shasum": ""
            },
            "require": {
                "php": ">=7.2.5",
                "symfony/deprecation-contracts": "^2.1|^3",
                "symfony/polyfill-php80": "^1.16"
            },
            "conflict": {
                "doctrine/annotations": "<1.12",
                "symfony/config": "<5.3",
                "symfony/dependency-injection": "<4.4",
                "symfony/yaml": "<4.4"
            },
            "require-dev": {
                "doctrine/annotations": "^1.12",
                "psr/log": "^1|^2|^3",
                "symfony/config": "^5.3|^6.0",
                "symfony/dependency-injection": "^4.4|^5.0|^6.0",
                "symfony/expression-language": "^4.4|^5.0|^6.0",
                "symfony/http-foundation": "^4.4|^5.0|^6.0",
                "symfony/yaml": "^4.4|^5.0|^6.0"
            },
            "suggest": {
                "symfony/config": "For using the all-in-one router or any loader",
                "symfony/expression-language": "For using expression matching",
                "symfony/http-foundation": "For using a Symfony Request object",
                "symfony/yaml": "For using the YAML loader"
            },
            "type": "library",
            "autoload": {
                "psr-4": {
                    "Symfony\\Component\\Routing\\": ""
                },
                "exclude-from-classmap": [
                    "/Tests/"
                ]
            },
            "notification-url": "https://packagist.org/downloads/",
            "license": [
                "MIT"
            ],
            "authors": [
                {
                    "name": "Fabien Potencier",
                    "email": "fabien@symfony.com"
                },
                {
                    "name": "Symfony Community",
                    "homepage": "https://symfony.com/contributors"
                }
            ],
            "description": "Maps an HTTP request to a set of configuration variables",
            "homepage": "https://symfony.com",
            "keywords": [
                "router",
                "routing",
                "uri",
                "url"
            ],
            "support": {
                "source": "https://github.com/symfony/routing/tree/v5.4.8"
            },
            "funding": [
                {
                    "url": "https://symfony.com/sponsor",
                    "type": "custom"
                },
                {
                    "url": "https://github.com/fabpot",
                    "type": "github"
                },
                {
                    "url": "https://tidelift.com/funding/github/packagist/symfony/symfony",
                    "type": "tidelift"
                }
            ],
            "time": "2022-04-18T21:45:37+00:00"
        }
    ],
    "packages-dev": [
        {
            "name": "cebe/php-openapi",
            "version": "1.7.0",
            "source": {
                "type": "git",
                "url": "https://github.com/cebe/php-openapi.git",
                "reference": "020d72b8e3a9a60bc229953e93eda25c49f46f45"
            },
            "dist": {
                "type": "zip",
                "url": "https://api.github.com/repos/cebe/php-openapi/zipball/020d72b8e3a9a60bc229953e93eda25c49f46f45",
                "reference": "020d72b8e3a9a60bc229953e93eda25c49f46f45",
                "shasum": ""
            },
            "require": {
                "ext-json": "*",
                "justinrainbow/json-schema": "^5.2",
                "php": ">=7.1.0",
                "symfony/yaml": "^3.4 || ^4 || ^5 || ^6"
            },
            "conflict": {
                "symfony/yaml": "3.4.0 - 3.4.4 || 4.0.0 - 4.4.17 || 5.0.0 - 5.1.9 || 5.2.0"
            },
            "require-dev": {
                "apis-guru/openapi-directory": "1.0.0",
                "cebe/indent": "*",
                "mermade/openapi3-examples": "1.0.0",
                "nexmo/api-specification": "1.0.0",
                "oai/openapi-specification": "3.0.3",
                "phpstan/phpstan": "^0.12.0",
                "phpunit/phpunit": "^6.5 || ^7.5 || ^8.5 || ^9.4"
            },
            "bin": [
                "bin/php-openapi"
            ],
            "type": "library",
            "extra": {
                "branch-alias": {
                    "dev-master": "1.6.x-dev"
                }
            },
            "autoload": {
                "psr-4": {
                    "cebe\\openapi\\": "src/"
                }
            },
            "notification-url": "https://packagist.org/downloads/",
            "license": [
                "MIT"
            ],
            "authors": [
                {
                    "name": "Carsten Brandt",
                    "email": "mail@cebe.cc",
                    "homepage": "https://cebe.cc/",
                    "role": "Creator"
                }
            ],
            "description": "Read and write OpenAPI yaml/json files and make the content accessable in PHP objects.",
            "homepage": "https://github.com/cebe/php-openapi#readme",
            "keywords": [
                "openapi"
            ],
            "support": {
                "issues": "https://github.com/cebe/php-openapi/issues",
                "source": "https://github.com/cebe/php-openapi"
            },
            "time": "2022-04-20T14:46:44+00:00"
        },
        {
            "name": "justinrainbow/json-schema",
            "version": "5.2.12",
            "source": {
                "type": "git",
                "url": "https://github.com/justinrainbow/json-schema.git",
                "reference": "ad87d5a5ca981228e0e205c2bc7dfb8e24559b60"
            },
            "dist": {
                "type": "zip",
                "url": "https://api.github.com/repos/justinrainbow/json-schema/zipball/ad87d5a5ca981228e0e205c2bc7dfb8e24559b60",
                "reference": "ad87d5a5ca981228e0e205c2bc7dfb8e24559b60",
                "shasum": ""
            },
            "require": {
                "php": ">=5.3.3"
            },
            "require-dev": {
                "friendsofphp/php-cs-fixer": "~2.2.20||~2.15.1",
                "json-schema/json-schema-test-suite": "1.2.0",
                "phpunit/phpunit": "^4.8.35"
            },
            "bin": [
                "bin/validate-json"
            ],
            "type": "library",
            "extra": {
                "branch-alias": {
                    "dev-master": "5.0.x-dev"
                }
            },
            "autoload": {
                "psr-4": {
                    "JsonSchema\\": "src/JsonSchema/"
                }
            },
            "notification-url": "https://packagist.org/downloads/",
            "license": [
                "MIT"
            ],
            "authors": [
                {
                    "name": "Bruno Prieto Reis",
                    "email": "bruno.p.reis@gmail.com"
                },
                {
                    "name": "Justin Rainbow",
                    "email": "justin.rainbow@gmail.com"
                },
                {
                    "name": "Igor Wiedler",
                    "email": "igor@wiedler.ch"
                },
                {
                    "name": "Robert Schönthal",
                    "email": "seroscho@googlemail.com"
                }
            ],
            "description": "A library to validate a json schema.",
            "homepage": "https://github.com/justinrainbow/json-schema",
            "keywords": [
                "json",
                "schema"
            ],
            "support": {
                "issues": "https://github.com/justinrainbow/json-schema/issues",
                "source": "https://github.com/justinrainbow/json-schema/tree/5.2.12"
            },
            "time": "2022-04-13T08:02:27+00:00"
        },
        {
            "name": "symfony/polyfill-ctype",
            "version": "v1.26.0",
            "source": {
                "type": "git",
                "url": "https://github.com/symfony/polyfill-ctype.git",
                "reference": "6fd1b9a79f6e3cf65f9e679b23af304cd9e010d4"
            },
            "dist": {
                "type": "zip",
                "url": "https://api.github.com/repos/symfony/polyfill-ctype/zipball/6fd1b9a79f6e3cf65f9e679b23af304cd9e010d4",
                "reference": "6fd1b9a79f6e3cf65f9e679b23af304cd9e010d4",
                "shasum": ""
            },
            "require": {
                "php": ">=7.1"
            },
            "provide": {
                "ext-ctype": "*"
            },
            "suggest": {
                "ext-ctype": "For best performance"
            },
            "type": "library",
            "extra": {
                "branch-alias": {
                    "dev-main": "1.26-dev"
                },
                "thanks": {
                    "name": "symfony/polyfill",
                    "url": "https://github.com/symfony/polyfill"
                }
            },
            "autoload": {
                "files": [
                    "bootstrap.php"
                ],
                "psr-4": {
                    "Symfony\\Polyfill\\Ctype\\": ""
                }
            },
            "notification-url": "https://packagist.org/downloads/",
            "license": [
                "MIT"
            ],
            "authors": [
                {
                    "name": "Gert de Pagter",
                    "email": "BackEndTea@gmail.com"
                },
                {
                    "name": "Symfony Community",
                    "homepage": "https://symfony.com/contributors"
                }
            ],
            "description": "Symfony polyfill for ctype functions",
            "homepage": "https://symfony.com",
            "keywords": [
                "compatibility",
                "ctype",
                "polyfill",
                "portable"
            ],
            "support": {
                "source": "https://github.com/symfony/polyfill-ctype/tree/v1.26.0"
            },
            "funding": [
                {
                    "url": "https://symfony.com/sponsor",
                    "type": "custom"
                },
                {
                    "url": "https://github.com/fabpot",
                    "type": "github"
                },
                {
                    "url": "https://tidelift.com/funding/github/packagist/symfony/symfony",
                    "type": "tidelift"
                }
            ],
            "time": "2022-05-24T11:49:31+00:00"
        },
        {
            "name": "symfony/yaml",
            "version": "v5.4.10",
            "source": {
                "type": "git",
                "url": "https://github.com/symfony/yaml.git",
                "reference": "04e42926429d9e8b39c174387ab990bf7817f7a2"
            },
            "dist": {
                "type": "zip",
                "url": "https://api.github.com/repos/symfony/yaml/zipball/04e42926429d9e8b39c174387ab990bf7817f7a2",
                "reference": "04e42926429d9e8b39c174387ab990bf7817f7a2",
                "shasum": ""
            },
            "require": {
                "php": ">=7.2.5",
                "symfony/deprecation-contracts": "^2.1|^3",
                "symfony/polyfill-ctype": "^1.8"
            },
            "conflict": {
                "symfony/console": "<5.3"
            },
            "require-dev": {
                "symfony/console": "^5.3|^6.0"
            },
            "suggest": {
                "symfony/console": "For validating YAML files using the lint command"
            },
            "bin": [
                "Resources/bin/yaml-lint"
            ],
            "type": "library",
            "autoload": {
                "psr-4": {
                    "Symfony\\Component\\Yaml\\": ""
                },
                "exclude-from-classmap": [
                    "/Tests/"
                ]
            },
            "notification-url": "https://packagist.org/downloads/",
            "license": [
                "MIT"
            ],
            "authors": [
                {
                    "name": "Fabien Potencier",
                    "email": "fabien@symfony.com"
                },
                {
                    "name": "Symfony Community",
                    "homepage": "https://symfony.com/contributors"
                }
            ],
            "description": "Loads and dumps YAML files",
            "homepage": "https://symfony.com",
            "support": {
                "source": "https://github.com/symfony/yaml/tree/v5.4.10"
            },
            "funding": [
                {
                    "url": "https://symfony.com/sponsor",
                    "type": "custom"
                },
                {
                    "url": "https://github.com/fabpot",
                    "type": "github"
                },
                {
                    "url": "https://tidelift.com/funding/github/packagist/symfony/symfony",
                    "type": "tidelift"
                }
            ],
            "time": "2022-06-20T11:50:59+00:00"
        }
    ],
    "aliases": [],
    "minimum-stability": "stable",
    "stability-flags": [],
    "prefer-stable": false,
    "prefer-lowest": false,
    "platform": {
        "php": "^7.2|^8.0"
    },
    "platform-dev": [],
    "plugin-api-version": "2.3.0"
}
